{
  "name": "@usehenri/router",
  "version": "0.10.0",
  "lockfileVersion": 1,
  "dependencies": {
    "@types/node": {
      "version": "7.0.29",
      "resolved": "https://registry.npmjs.org/@types/node/-/node-7.0.29.tgz",
      "integrity": "sha512-+8JrLZny/uR+d/jLK9eaV63buRM7X/gNzQk57q76NS4KNKLSKOmxJYFIlwuP2zDvA7wqZj05POPhSd9Z1hYQpQ==",
      "dev": true
    }
  }
}
