{
  "lockfileVersion": 1,
  "dependencies": {
    "@types/node": {
      "version": "7.0.23",
      "resolved": "https://registry.npmjs.org/@types/node/-/node-7.0.23.tgz",
      "integrity": "sha512-F+qaJi0iw9Yk7Ugml+HtTi2r399gPEFfKh2lwr86/a/5LVHODiAllBlNCNrgo5sT9WRHl74ryEbXVeNUN3ToCQ=="
    }
  }
}
