# THIS IS AN AUTOGENERATED FILE. DO NOT EDIT THIS FILE DIRECTLY.
# yarn lockfile v1


"@types/jest@^21.1.2":
  version "21.1.2"
  resolved "https://registry.yarnpkg.com/@types/jest/-/jest-21.1.2.tgz#05ebfa64817b626694ced56745a7949281981048"

"@types/node@^8.0.19":
  version "8.0.34"
  resolved "https://registry.yarnpkg.com/@types/node/-/node-8.0.34.tgz#55f801fa2ddb2a40dd6dfc15ecfe1dde9c129fe9"
