# THIS IS AN AUTOGENERATED FILE. DO NOT EDIT THIS FILE DIRECTLY.
# yarn lockfile v1


"@types/jest@^20.0.5":
  version "20.0.6"
  resolved "https://registry.yarnpkg.com/@types/jest/-/jest-20.0.6.tgz#7e0ba76ddfacb42ee9bb0d8833e5208cf0680431"

"@types/node@^8.0.19":
  version "8.0.19"
  resolved "https://registry.yarnpkg.com/@types/node/-/node-8.0.19.tgz#e46e2b0243de7d03f15b26b45c59ebb84f657a4e"
