# THIS IS AN AUTOGENERATED FILE. DO NOT EDIT THIS FILE DIRECTLY.
# yarn lockfile v1


"@types/node@*":
  version "8.0.53"
  resolved "https://registry.yarnpkg.com/@types/node/-/node-8.0.53.tgz#396b35af826fa66aad472c8cb7b8d5e277f4e6d8"
  integrity sha512-54Dm6NwYeiSQmRB1BLXKr5GELi0wFapR1npi8bnZhEcu84d/yQKqnwwXQ56hZ0RUbTG6L5nqDZaN3dgByQXQRQ==

any-promise@^1.3.0:
  version "1.3.0"
  resolved "https://registry.yarnpkg.com/any-promise/-/any-promise-1.3.0.tgz#abc6afeedcea52e809cdc0376aed3ce39635d17f"
  integrity sha1-q8av7tzqUugJzcA3au0845Y10X8=

bluebird@^3.5.0:
  version "3.5.1"
  resolved "https://registry.yarnpkg.com/bluebird/-/bluebird-3.5.1.tgz#d9551f9de98f1fcda1e683d17ee91a0602ee2eb9"
  integrity sha512-MKiLiV+I1AA596t9w1sQJ8jkiSr5+ZKi0WKrYGUn6d1Fx+Ij4tIj+m2WMQSGczs5jZVxV339chE8iwk6F64wjA==

cls-bluebird@^2.1.0:
  version "2.1.0"
  resolved "https://registry.yarnpkg.com/cls-bluebird/-/cls-bluebird-2.1.0.tgz#37ef1e080a8ffb55c2f4164f536f1919e7968aee"
  integrity sha1-N+8eCAqP+1XC9BZPU28ZGeeWiu4=
  dependencies:
    is-bluebird "^1.0.2"
    shimmer "^1.1.0"

connect-session-sequelize@^5.2.2:
  version "5.2.2"
  resolved "https://registry.yarnpkg.com/connect-session-sequelize/-/connect-session-sequelize-5.2.2.tgz#e249d5ac4fbe45a1f56e4a489fe8ecb31ac37349"
  integrity sha512-XuRO8bx3pkpunnX+UbKiMqHdR7Bckl4pYDgAm4bdqavvUVL+LBBljkeRe9fWJghAAd3zQhTpvXpL6CoxAfXkgA==
  dependencies:
    debug "^3.1.0"
    deep-equal "^1.0.1"

debug@^2.6.9:
  version "2.6.9"
  resolved "https://registry.yarnpkg.com/debug/-/debug-2.6.9.tgz#5d128515df134ff327e90a4c93f4e077a536341f"
  integrity sha512-bC7ElrdJaJnPbAP+1EotYvqZsb3ecl5wi6Bfi6BJTUcNowp6cvspg0jXznRTKDjm/E7AdgFBVeAPVMNcKGsHMA==
  dependencies:
    ms "2.0.0"

debug@^3.1.0:
  version "3.1.0"
  resolved "https://registry.yarnpkg.com/debug/-/debug-3.1.0.tgz#5bb5a0672628b64149566ba16819e61518c67261"
  integrity sha512-OX8XqP7/1a9cqkxYw2yXss15f26NKWBpDXQd0/uK/KPqdQhxbPa994hnzjcE2VqQpDslf55723cKPUOGSmMY3g==
  dependencies:
    ms "2.0.0"

deep-equal@^1.0.1:
  version "1.0.1"
  resolved "https://registry.yarnpkg.com/deep-equal/-/deep-equal-1.0.1.tgz#f5d260292b660e084eff4cdbc9f08ad3247448b5"
  integrity sha1-9dJgKStmDghO/0zbyfCK0yR0SLU=

depd@^1.1.0:
  version "1.1.1"
  resolved "https://registry.yarnpkg.com/depd/-/depd-1.1.1.tgz#5783b4e1c459f06fa5ca27f991f3d06e7a310359"
  integrity sha1-V4O04cRZ8G+lyif5kfPQbnoxA1k=

dottie@^2.0.0:
  version "2.0.0"
  resolved "https://registry.yarnpkg.com/dottie/-/dottie-2.0.0.tgz#da191981c8b8d713ca0115d5898cf397c2f0ddd0"
  integrity sha1-2hkZgci41xPKARXViYzzl8Lw3dA=

generic-pool@^3.4.0:
  version "3.4.2"
  resolved "https://registry.yarnpkg.com/generic-pool/-/generic-pool-3.4.2.tgz#92ff7196520d670839a67308092a12aadf2f6a59"
  integrity sha512-H7cUpwCQSiJmAHM4c/aFu6fUfrhWXW1ncyh8ftxEPMu6AiYkHw9K8br720TGPZJbk5eOH2bynjZD1yPvdDAmag==

inflection@1.12.0:
  version "1.12.0"
  resolved "https://registry.yarnpkg.com/inflection/-/inflection-1.12.0.tgz#a200935656d6f5f6bc4dc7502e1aecb703228416"
  integrity sha1-ogCTVlbW9fa8TcdQLhrstwMihBY=

is-bluebird@^1.0.2:
  version "1.0.2"
  resolved "https://registry.yarnpkg.com/is-bluebird/-/is-bluebird-1.0.2.tgz#096439060f4aa411abee19143a84d6a55346d6e2"
  integrity sha1-CWQ5Bg9KpBGr7hkUOoTWpVNG1uI=

lodash@^4.17.1:
  version "4.17.4"
  resolved "https://registry.yarnpkg.com/lodash/-/lodash-4.17.4.tgz#78203a4d1c328ae1d86dca6460e369b57f4055ae"
  integrity sha1-eCA6TRwyiuHYbcpkYONptX9AVa4=

moment-timezone@^0.5.21:
  version "0.5.21"
  resolved "https://registry.yarnpkg.com/moment-timezone/-/moment-timezone-0.5.21.tgz#3cba247d84492174dbf71de2a9848fa13207b845"
  integrity sha512-j96bAh4otsgj3lKydm3K7kdtA3iKf2m6MY2iSYCzCm5a1zmHo1g+aK3068dDEeocLZQIS9kU8bsdQHLqEvgW0A==
  dependencies:
    moment ">= 2.9.0"

"moment@>= 2.9.0":
  version "2.19.3"
  resolved "https://registry.yarnpkg.com/moment/-/moment-2.19.3.tgz#bdb99d270d6d7fda78cc0fbace855e27fe7da69f"
  integrity sha1-vbmdJw1tf9p4zA+6zoVeJ/59pp8=

moment@^2.22.2:
  version "2.22.2"
  resolved "https://registry.yarnpkg.com/moment/-/moment-2.22.2.tgz#3c257f9839fc0e93ff53149632239eb90783ff66"
  integrity sha1-PCV/mDn8DpP/UxSWMiOeuQeD/2Y=

ms@2.0.0:
  version "2.0.0"
  resolved "https://registry.yarnpkg.com/ms/-/ms-2.0.0.tgz#5608aeadfc00be6c2901df5f9861788de0d597c8"
  integrity sha1-VgiurfwAvmwpAd9fmGF4jeDVl8g=

retry-as-promised@^3.0.0:
  version "3.0.0"
  resolved "https://registry.yarnpkg.com/retry-as-promised/-/retry-as-promised-3.0.0.tgz#1c535db8f0f3511d68155d9ec370a17303f11328"
  integrity sha1-HFNduPDzUR1oFV2ew3ChcwPxEyg=
  dependencies:
    any-promise "^1.3.0"
    debug "^2.6.9"

semver@^5.5.0:
  version "5.5.0"
  resolved "https://registry.yarnpkg.com/semver/-/semver-5.5.0.tgz#dc4bbc7a6ca9d916dee5d43516f0092b58f7b8ab"
  integrity sha512-4SJ3dm0WAwWy/NVeioZh5AntkdJoWKxHxcmyP622fOkgHa4z3R0TdBJICINyaSDE6uNwVc8gZr+ZinwZAH4xIA==

sequelize@5.0.0-beta.12:
  version "5.0.0-beta.12"
  resolved "https://registry.yarnpkg.com/sequelize/-/sequelize-5.0.0-beta.12.tgz#0b262b2459aa4fd32f66c822b5fa0fa53aa33753"
  integrity sha512-JE5OFVM8tq2JzozSbMbY1nxYOaiG3IGXwYiPQlvK9NXCUpq5ck51YpepuyD+wL/w0E+73yV9gRianFleonitoQ==
  dependencies:
    bluebird "^3.5.0"
    cls-bluebird "^2.1.0"
    debug "^3.1.0"
    depd "^1.1.0"
    dottie "^2.0.0"
    generic-pool "^3.4.0"
    inflection "1.12.0"
    lodash "^4.17.1"
    moment "^2.22.2"
    moment-timezone "^0.5.21"
    retry-as-promised "^3.0.0"
    semver "^5.5.0"
    toposort-class "^1.0.1"
    uuid "^3.2.1"
    validator "^10.4.0"
    wkx "^0.4.5"

shimmer@^1.1.0:
  version "1.2.0"
  resolved "https://registry.yarnpkg.com/shimmer/-/shimmer-1.2.0.tgz#f966f7555789763e74d8841193685a5e78736665"
  integrity sha512-xTCx2vohXC2EWWDqY/zb4+5Mu28D+HYNSOuFzsyRDRvI/e1ICb69afwaUwfjr+25ZXldbOLyp+iDUZHq8UnTag==

toposort-class@^1.0.1:
  version "1.0.1"
  resolved "https://registry.yarnpkg.com/toposort-class/-/toposort-class-1.0.1.tgz#7ffd1f78c8be28c3ba45cd4e1a3f5ee193bd9988"
  integrity sha1-f/0feMi+KMO6Rc1OGj9e4ZO9mYg=

uuid@^3.2.1:
  version "3.2.1"
  resolved "https://registry.yarnpkg.com/uuid/-/uuid-3.2.1.tgz#12c528bb9d58d0b9265d9a2f6f0fe8be17ff1f14"
  integrity sha512-jZnMwlb9Iku/O3smGWvZhauCf6cvvpKi4BKRiliS3cxnI+Gz9j5MEpTz2UFuXiKPJocb7gnsLHwiS05ige5BEA==

validator@^10.4.0:
  version "10.8.0"
  resolved "https://registry.yarnpkg.com/validator/-/validator-10.8.0.tgz#8acb15a5c39411cbc8ef2be0c98c2514da4410a7"
  integrity sha512-mXqMxfCh5NLsVgYVKl9WvnHNDPCcbNppHSPPowu0VjtSsGWVY+z8hJF44edLR1nbLNzi3jYoYsIl8KZpioIk6g==

wkx@^0.4.5:
  version "0.4.5"
  resolved "https://registry.yarnpkg.com/wkx/-/wkx-0.4.5.tgz#a85e15a6e69d1bfaec2f3c523be3dfa40ab861d0"
  integrity sha512-01dloEcJZAJabLO5XdcRgqdKpmnxS0zIT02LhkdWOZX2Zs2tPM6hlZ4XG9tWaWur1Qd1OO4kJxUbe2+5BofvnA==
  dependencies:
    "@types/node" "*"
