# THIS IS AN AUTOGENERATED FILE. DO NOT EDIT THIS FILE DIRECTLY.
# yarn lockfile v1


"@types/config@^0.0.32":
  version "0.0.32"
  resolved "https://registry.yarnpkg.com/@types/config/-/config-0.0.32.tgz#c106055802d78e234e28374adc4dad460d098558"

"@types/node@*":
  version "7.0.14"
  resolved "https://registry.yarnpkg.com/@types/node/-/node-7.0.14.tgz#1470fa002a113316ac9d9ad163fc738c7a0de2a4"

"@types/node@^7.0.15":
  version "7.0.15"
  resolved "https://registry.yarnpkg.com/@types/node/-/node-7.0.15.tgz#628429289604c5f7e56c13f3a0422f3e59df1a17"

"@types/winston@^2.3.1":
  version "2.3.1"
  resolved "https://registry.yarnpkg.com/@types/winston/-/winston-2.3.1.tgz#7182341cc8917e349c9629f4b12abbdaa132839f"
  dependencies:
    "@types/node" "*"

async@~1.0.0:
  version "1.0.0"
  resolved "https://registry.yarnpkg.com/async/-/async-1.0.0.tgz#f8fc04ca3a13784ade9e1641af98578cfbd647a9"

colors@1.0.x:
  version "1.0.3"
  resolved "https://registry.yarnpkg.com/colors/-/colors-1.0.3.tgz#0433f44d809680fdeb60ed260f1b0c262e82a40b"

cycle@1.0.x:
  version "1.0.3"
  resolved "https://registry.yarnpkg.com/cycle/-/cycle-1.0.3.tgz#21e80b2be8580f98b468f379430662b046c34ad2"

eyes@0.1.x:
  version "0.1.8"
  resolved "https://registry.yarnpkg.com/eyes/-/eyes-0.1.8.tgz#62cf120234c683785d902348a800ef3e0cc20bc0"

isstream@0.1.x:
  version "0.1.2"
  resolved "https://registry.yarnpkg.com/isstream/-/isstream-0.1.2.tgz#47e63f7af55afa6f92e1500e690eb8b8529c099a"

stack-trace@0.0.x:
  version "0.0.9"
  resolved "https://registry.yarnpkg.com/stack-trace/-/stack-trace-0.0.9.tgz#a8f6eaeca90674c333e7c43953f275b451510695"

winston@^2.3.1:
  version "2.3.1"
  resolved "https://registry.yarnpkg.com/winston/-/winston-2.3.1.tgz#0b48420d978c01804cf0230b648861598225a119"
  dependencies:
    async "~1.0.0"
    colors "1.0.x"
    cycle "1.0.x"
    eyes "0.1.x"
    isstream "0.1.x"
    stack-trace "0.0.x"
