# THIS IS AN AUTOGENERATED FILE. DO NOT EDIT THIS FILE DIRECTLY.
# yarn lockfile v1


"@types/node@*":
  version "10.5.2"
  resolved "https://registry.yarnpkg.com/@types/node/-/node-10.5.2.tgz#f19f05314d5421fe37e74153254201a7bf00a707"
  integrity sha512-m9zXmifkZsMHZBOyxZWilMwmTlpC8x5Ty360JKTiXvlXZfBWYpsg9ZZvP/Ye+iZUh+Q+MxDLjItVTWIsfwz+8Q==

"@usehenri/sequelize@^0.31.0":
  version "0.31.0"
  resolved "https://registry.yarnpkg.com/@usehenri/sequelize/-/sequelize-0.31.0.tgz#5ea3deb3917c4612886a0fa7b889f5a2a2f7a28d"
  integrity sha512-xRg+A4bteJoS0HXSrG2o3ys57mrcTTUOrW0JQF89z3BxX3FZUyM8QPK38cjrsdwTzZmZP6vB5PhNrN0i22VFwA==
  dependencies:
    connect-session-sequelize "^5.2.2"
    sequelize "5.0.0-beta.12"

ansicolors@~0.3.2:
  version "0.3.2"
  resolved "https://registry.yarnpkg.com/ansicolors/-/ansicolors-0.3.2.tgz#665597de86a9ffe3aa9bfbe6cae5c6ea426b4979"
  integrity sha1-ZlWX3oap/+Oqm/vmyuXG6kJrSXk=

any-promise@^1.3.0:
  version "1.3.0"
  resolved "https://registry.yarnpkg.com/any-promise/-/any-promise-1.3.0.tgz#abc6afeedcea52e809cdc0376aed3ce39635d17f"
  integrity sha1-q8av7tzqUugJzcA3au0845Y10X8=

bluebird@^3.5.0:
  version "3.5.1"
  resolved "https://registry.yarnpkg.com/bluebird/-/bluebird-3.5.1.tgz#d9551f9de98f1fcda1e683d17ee91a0602ee2eb9"
  integrity sha512-MKiLiV+I1AA596t9w1sQJ8jkiSr5+ZKi0WKrYGUn6d1Fx+Ij4tIj+m2WMQSGczs5jZVxV339chE8iwk6F64wjA==

cardinal@2.1.1:
  version "2.1.1"
  resolved "https://registry.yarnpkg.com/cardinal/-/cardinal-2.1.1.tgz#7cc1055d822d212954d07b085dea251cc7bc5505"
  integrity sha1-fMEFXYItISlU0HsIXeolHMe8VQU=
  dependencies:
    ansicolors "~0.3.2"
    redeyed "~2.1.0"

cls-bluebird@^2.1.0:
  version "2.1.0"
  resolved "https://registry.yarnpkg.com/cls-bluebird/-/cls-bluebird-2.1.0.tgz#37ef1e080a8ffb55c2f4164f536f1919e7968aee"
  integrity sha1-N+8eCAqP+1XC9BZPU28ZGeeWiu4=
  dependencies:
    is-bluebird "^1.0.2"
    shimmer "^1.1.0"

connect-session-sequelize@^5.2.2:
  version "5.2.2"
  resolved "https://registry.yarnpkg.com/connect-session-sequelize/-/connect-session-sequelize-5.2.2.tgz#e249d5ac4fbe45a1f56e4a489fe8ecb31ac37349"
  integrity sha512-XuRO8bx3pkpunnX+UbKiMqHdR7Bckl4pYDgAm4bdqavvUVL+LBBljkeRe9fWJghAAd3zQhTpvXpL6CoxAfXkgA==
  dependencies:
    debug "^3.1.0"
    deep-equal "^1.0.1"

debug@^2.6.9:
  version "2.6.9"
  resolved "https://registry.yarnpkg.com/debug/-/debug-2.6.9.tgz#5d128515df134ff327e90a4c93f4e077a536341f"
  integrity sha512-bC7ElrdJaJnPbAP+1EotYvqZsb3ecl5wi6Bfi6BJTUcNowp6cvspg0jXznRTKDjm/E7AdgFBVeAPVMNcKGsHMA==
  dependencies:
    ms "2.0.0"

debug@^3.1.0:
  version "3.1.0"
  resolved "https://registry.yarnpkg.com/debug/-/debug-3.1.0.tgz#5bb5a0672628b64149566ba16819e61518c67261"
  integrity sha512-OX8XqP7/1a9cqkxYw2yXss15f26NKWBpDXQd0/uK/KPqdQhxbPa994hnzjcE2VqQpDslf55723cKPUOGSmMY3g==
  dependencies:
    ms "2.0.0"

deep-equal@^1.0.1:
  version "1.0.1"
  resolved "https://registry.yarnpkg.com/deep-equal/-/deep-equal-1.0.1.tgz#f5d260292b660e084eff4cdbc9f08ad3247448b5"
  integrity sha1-9dJgKStmDghO/0zbyfCK0yR0SLU=

denque@1.3.0:
  version "1.3.0"
  resolved "https://registry.yarnpkg.com/denque/-/denque-1.3.0.tgz#681092ef44a630246d3f6edb2a199230eae8e76b"
  integrity sha512-4SRaSj+PqmrS1soW5/Avd7eJIM2JJIqLLmwhRqIGleZM/8KwZq80njbSS2Iqas+6oARkSkLDHEk4mm78q3JlIg==

depd@^1.1.0:
  version "1.1.2"
  resolved "https://registry.yarnpkg.com/depd/-/depd-1.1.2.tgz#9bcd52e14c097763e749b274c4346ed2e560b5a9"
  integrity sha1-m81S4UwJd2PnSbJ0xDRu0uVgtak=

dottie@^2.0.0:
  version "2.0.0"
  resolved "https://registry.yarnpkg.com/dottie/-/dottie-2.0.0.tgz#da191981c8b8d713ca0115d5898cf397c2f0ddd0"
  integrity sha1-2hkZgci41xPKARXViYzzl8Lw3dA=

esprima@~4.0.0:
  version "4.0.1"
  resolved "https://registry.yarnpkg.com/esprima/-/esprima-4.0.1.tgz#13b04cdb3e6c5d19df91ab6987a8695619b0aa71"
  integrity sha512-eGuFFw7Upda+g4p+QHvnW0RyTX/SVeJBDM/gCtMARO0cLuT2HcEKnTPvhjV6aGeqrCB/sbNop0Kszm0jsaWU4A==

generate-function@^2.0.0:
  version "2.0.0"
  resolved "https://registry.yarnpkg.com/generate-function/-/generate-function-2.0.0.tgz#6858fe7c0969b7d4e9093337647ac79f60dfbe74"
  integrity sha1-aFj+fAlpt9TpCTM3ZHrHn2DfvnQ=

generic-pool@^3.4.0:
  version "3.4.2"
  resolved "https://registry.yarnpkg.com/generic-pool/-/generic-pool-3.4.2.tgz#92ff7196520d670839a67308092a12aadf2f6a59"
  integrity sha512-H7cUpwCQSiJmAHM4c/aFu6fUfrhWXW1ncyh8ftxEPMu6AiYkHw9K8br720TGPZJbk5eOH2bynjZD1yPvdDAmag==

iconv-lite@^0.4.18:
  version "0.4.19"
  resolved "https://registry.yarnpkg.com/iconv-lite/-/iconv-lite-0.4.19.tgz#f7468f60135f5e5dad3399c0a81be9a1603a082b"
  integrity sha512-oTZqweIP51xaGPI4uPa56/Pri/480R+mo7SeU+YETByQNhDG55ycFyNLIgta9vXhILrxXDmF7ZGhqZIcuN0gJQ==

inflection@1.12.0:
  version "1.12.0"
  resolved "https://registry.yarnpkg.com/inflection/-/inflection-1.12.0.tgz#a200935656d6f5f6bc4dc7502e1aecb703228416"
  integrity sha1-ogCTVlbW9fa8TcdQLhrstwMihBY=

is-bluebird@^1.0.2:
  version "1.0.2"
  resolved "https://registry.yarnpkg.com/is-bluebird/-/is-bluebird-1.0.2.tgz#096439060f4aa411abee19143a84d6a55346d6e2"
  integrity sha1-CWQ5Bg9KpBGr7hkUOoTWpVNG1uI=

lodash@^4.17.1:
  version "4.17.10"
  resolved "https://registry.yarnpkg.com/lodash/-/lodash-4.17.10.tgz#1b7793cf7259ea38fb3661d4d38b3260af8ae4e7"
  integrity sha512-UejweD1pDoXu+AD825lWwp4ZGtSwgnpZxb3JDViD7StjQz+Nb/6l093lx4OQ0foGWNRoc19mWy7BzL+UAK2iVg==

long@^4.0.0:
  version "4.0.0"
  resolved "https://registry.yarnpkg.com/long/-/long-4.0.0.tgz#9a7b71cfb7d361a194ea555241c92f7468d5bf28"
  integrity sha512-XsP+KhQif4bjX1kbuSiySJFNAehNxgLb6hPRGJ9QsUr8ajHkuXGdrHmFUTUUXhDwVX2R5bY4JNZEwbUiMhV+MA==

lru-cache@2.5.0:
  version "2.5.0"
  resolved "https://registry.yarnpkg.com/lru-cache/-/lru-cache-2.5.0.tgz#d82388ae9c960becbea0c73bb9eb79b6c6ce9aeb"
  integrity sha1-2COIrpyWC+y+oMc7uet5tsbOmus=

lru-cache@4.1.1:
  version "4.1.1"
  resolved "https://registry.yarnpkg.com/lru-cache/-/lru-cache-4.1.1.tgz#622e32e82488b49279114a4f9ecf45e7cd6bba55"
  integrity sha512-q4spe4KTfsAS1SUHLO0wz8Qiyf1+vMIAgpRYioFYDMNqKfHQbg+AVDH3i4fvpl71/P1L0dBl+fQi+P37UYf0ew==
  dependencies:
    pseudomap "^1.0.2"
    yallist "^2.1.2"

moment-timezone@^0.5.21:
  version "0.5.21"
  resolved "https://registry.yarnpkg.com/moment-timezone/-/moment-timezone-0.5.21.tgz#3cba247d84492174dbf71de2a9848fa13207b845"
  integrity sha512-j96bAh4otsgj3lKydm3K7kdtA3iKf2m6MY2iSYCzCm5a1zmHo1g+aK3068dDEeocLZQIS9kU8bsdQHLqEvgW0A==
  dependencies:
    moment ">= 2.9.0"

"moment@>= 2.9.0", moment@^2.22.2:
  version "2.22.2"
  resolved "https://registry.yarnpkg.com/moment/-/moment-2.22.2.tgz#3c257f9839fc0e93ff53149632239eb90783ff66"
  integrity sha1-PCV/mDn8DpP/UxSWMiOeuQeD/2Y=

ms@2.0.0:
  version "2.0.0"
  resolved "https://registry.yarnpkg.com/ms/-/ms-2.0.0.tgz#5608aeadfc00be6c2901df5f9861788de0d597c8"
  integrity sha1-VgiurfwAvmwpAd9fmGF4jeDVl8g=

mysql2@^1.6.1:
  version "1.6.1"
  resolved "https://registry.yarnpkg.com/mysql2/-/mysql2-1.6.1.tgz#9027fd93a05c5d86e79bfada35c9b677b3a0d7c5"
  integrity sha512-BNrJH5HavPqskXEy8oVz7ucRbkhegKQ7VD8rNGFwvTuk0WiUSi1wXFOg67NjCGquZnim8nKgHdDiih6LqG5knA==
  dependencies:
    cardinal "2.1.1"
    denque "1.3.0"
    generate-function "^2.0.0"
    iconv-lite "^0.4.18"
    long "^4.0.0"
    lru-cache "4.1.1"
    named-placeholders "1.1.1"
    object-assign "^4.1.1"
    seq-queue "0.0.5"
    sqlstring "2.3.1"

named-placeholders@1.1.1:
  version "1.1.1"
  resolved "https://registry.yarnpkg.com/named-placeholders/-/named-placeholders-1.1.1.tgz#3b7a0d26203dd74b3a9df4c9cfb827b2fb907e64"
  integrity sha1-O3oNJiA910s6nfTJz7gnsvuQfmQ=
  dependencies:
    lru-cache "2.5.0"

object-assign@^4.1.1:
  version "4.1.1"
  resolved "https://registry.yarnpkg.com/object-assign/-/object-assign-4.1.1.tgz#2109adc7965887cfc05cbbd442cac8bfbb360863"
  integrity sha1-IQmtx5ZYh8/AXLvUQsrIv7s2CGM=

pseudomap@^1.0.2:
  version "1.0.2"
  resolved "https://registry.yarnpkg.com/pseudomap/-/pseudomap-1.0.2.tgz#f052a28da70e618917ef0a8ac34c1ae5a68286b3"
  integrity sha1-8FKijacOYYkX7wqKw0wa5aaChrM=

redeyed@~2.1.0:
  version "2.1.1"
  resolved "https://registry.yarnpkg.com/redeyed/-/redeyed-2.1.1.tgz#8984b5815d99cb220469c99eeeffe38913e6cc0b"
  integrity sha1-iYS1gV2ZyyIEacme7v/jiRPmzAs=
  dependencies:
    esprima "~4.0.0"

retry-as-promised@^3.0.0:
  version "3.0.0"
  resolved "https://registry.yarnpkg.com/retry-as-promised/-/retry-as-promised-3.0.0.tgz#1c535db8f0f3511d68155d9ec370a17303f11328"
  integrity sha1-HFNduPDzUR1oFV2ew3ChcwPxEyg=
  dependencies:
    any-promise "^1.3.0"
    debug "^2.6.9"

semver@^5.5.0:
  version "5.5.0"
  resolved "https://registry.yarnpkg.com/semver/-/semver-5.5.0.tgz#dc4bbc7a6ca9d916dee5d43516f0092b58f7b8ab"
  integrity sha512-4SJ3dm0WAwWy/NVeioZh5AntkdJoWKxHxcmyP622fOkgHa4z3R0TdBJICINyaSDE6uNwVc8gZr+ZinwZAH4xIA==

seq-queue@0.0.5:
  version "0.0.5"
  resolved "https://registry.yarnpkg.com/seq-queue/-/seq-queue-0.0.5.tgz#d56812e1c017a6e4e7c3e3a37a1da6d78dd3c93e"
  integrity sha1-1WgS4cAXpuTnw+Ojeh2m143TyT4=

sequelize@5.0.0-beta.12:
  version "5.0.0-beta.12"
  resolved "https://registry.yarnpkg.com/sequelize/-/sequelize-5.0.0-beta.12.tgz#0b262b2459aa4fd32f66c822b5fa0fa53aa33753"
  integrity sha512-JE5OFVM8tq2JzozSbMbY1nxYOaiG3IGXwYiPQlvK9NXCUpq5ck51YpepuyD+wL/w0E+73yV9gRianFleonitoQ==
  dependencies:
    bluebird "^3.5.0"
    cls-bluebird "^2.1.0"
    debug "^3.1.0"
    depd "^1.1.0"
    dottie "^2.0.0"
    generic-pool "^3.4.0"
    inflection "1.12.0"
    lodash "^4.17.1"
    moment "^2.22.2"
    moment-timezone "^0.5.21"
    retry-as-promised "^3.0.0"
    semver "^5.5.0"
    toposort-class "^1.0.1"
    uuid "^3.2.1"
    validator "^10.4.0"
    wkx "^0.4.5"

shimmer@^1.1.0:
  version "1.2.0"
  resolved "https://registry.yarnpkg.com/shimmer/-/shimmer-1.2.0.tgz#f966f7555789763e74d8841193685a5e78736665"
  integrity sha512-xTCx2vohXC2EWWDqY/zb4+5Mu28D+HYNSOuFzsyRDRvI/e1ICb69afwaUwfjr+25ZXldbOLyp+iDUZHq8UnTag==

sqlstring@2.3.1:
  version "2.3.1"
  resolved "https://registry.yarnpkg.com/sqlstring/-/sqlstring-2.3.1.tgz#475393ff9e91479aea62dcaf0ca3d14983a7fb40"
  integrity sha1-R1OT/56RR5rqYtyvDKPRSYOn+0A=

toposort-class@^1.0.1:
  version "1.0.1"
  resolved "https://registry.yarnpkg.com/toposort-class/-/toposort-class-1.0.1.tgz#7ffd1f78c8be28c3ba45cd4e1a3f5ee193bd9988"
  integrity sha1-f/0feMi+KMO6Rc1OGj9e4ZO9mYg=

uuid@^3.2.1:
  version "3.3.2"
  resolved "https://registry.yarnpkg.com/uuid/-/uuid-3.3.2.tgz#1b4af4955eb3077c501c23872fc6513811587131"
  integrity sha512-yXJmeNaw3DnnKAOKJE51sL/ZaYfWJRl1pK9dr19YFCu0ObS231AB1/LbqTKRAQ5kw8A90rA6fr4riOUpTZvQZA==

validator@^10.4.0:
  version "10.4.0"
  resolved "https://registry.yarnpkg.com/validator/-/validator-10.4.0.tgz#ee99a44afb3bb5ed350a159f056ca72a204cfc3c"
  integrity sha512-Q/wBy3LB1uOyssgNlXSRmaf22NxjvDNZM2MtIQ4jaEOAB61xsh1TQxsq1CgzUMBV1lDrVMogIh8GjG1DYW0zLg==

wkx@^0.4.5:
  version "0.4.5"
  resolved "https://registry.yarnpkg.com/wkx/-/wkx-0.4.5.tgz#a85e15a6e69d1bfaec2f3c523be3dfa40ab861d0"
  integrity sha512-01dloEcJZAJabLO5XdcRgqdKpmnxS0zIT02LhkdWOZX2Zs2tPM6hlZ4XG9tWaWur1Qd1OO4kJxUbe2+5BofvnA==
  dependencies:
    "@types/node" "*"

yallist@^2.1.2:
  version "2.1.2"
  resolved "https://registry.yarnpkg.com/yallist/-/yallist-2.1.2.tgz#1c11f9218f076089a47dd512f93c6699a6a81d52"
  integrity sha1-HBH5IY8HYImkfdUS+TxmmaaoHVI=
