# THIS IS AN AUTOGENERATED FILE. DO NOT EDIT THIS FILE DIRECTLY.
# yarn lockfile v1


"@sailshq/lodash@^3.10.2":
  version "3.10.2"
  resolved "https://registry.yarnpkg.com/@sailshq/lodash/-/lodash-3.10.2.tgz#1567d47345364c2c2e2077bc113487b1dfe62154"

"@types/bluebird@*":
  version "3.5.15"
  resolved "https://registry.yarnpkg.com/@types/bluebird/-/bluebird-3.5.15.tgz#7232b263a5f91530d52116102d33b2ce2410ccba"

"@types/config@^0.0.33":
  version "0.0.33"
  resolved "https://registry.yarnpkg.com/@types/config/-/config-0.0.33.tgz#2b256fe9744e9a3f913f551a9aa4660c41f28c4b"

"@types/jest@^21.1.2":
  version "21.1.2"
  resolved "https://registry.yarnpkg.com/@types/jest/-/jest-21.1.2.tgz#05ebfa64817b626694ced56745a7949281981048"

"@types/lodash@^4.14.71":
  version "4.14.77"
  resolved "https://registry.yarnpkg.com/@types/lodash/-/lodash-4.14.77.tgz#0bc699413e84d6ed5d927ca30ea0f0a890b42d75"

"@types/node@*", "@types/node@^8.0.10":
  version "8.0.34"
  resolved "https://registry.yarnpkg.com/@types/node/-/node-8.0.34.tgz#55f801fa2ddb2a40dd6dfc15ecfe1dde9c129fe9"

"@types/waterline@^0.11.1":
  version "0.11.2"
  resolved "https://registry.yarnpkg.com/@types/waterline/-/waterline-0.11.2.tgz#3206f4d87fe3b2047e67689dcd522a25521a7276"
  dependencies:
    "@types/bluebird" "*"
    "@types/node" "*"

include-all@^4.0.3:
  version "4.0.3"
  resolved "https://registry.yarnpkg.com/include-all/-/include-all-4.0.3.tgz#65f06e8f11894b1a7b5ec1fc97e6b3392f7cfa75"
  dependencies:
    "@sailshq/lodash" "^3.10.2"
    merge-dictionaries "^0.0.3"

merge-dictionaries@^0.0.3:
  version "0.0.3"
  resolved "https://registry.yarnpkg.com/merge-dictionaries/-/merge-dictionaries-0.0.3.tgz#c4de4d58dbb25e4c2823aa30cb8e1539069eb757"
  dependencies:
    "@sailshq/lodash" "^3.10.2"
