# THIS IS AN AUTOGENERATED FILE. DO NOT EDIT THIS FILE DIRECTLY.
# yarn lockfile v1


"@types/geojson@^1.0.0":
  version "1.0.6"
  resolved "https://registry.yarnpkg.com/@types/geojson/-/geojson-1.0.6.tgz#3e02972728c69248c2af08d60a48cbb8680fffdf"

"@types/node@*":
  version "8.0.56"
  resolved "https://registry.yarnpkg.com/@types/node/-/node-8.0.56.tgz#c4652f88d7a677e26ccc16c1485c282ce28f1ce9"

"@usehenri/sequelize@^0.18.0":
  version "0.18.0"
  resolved "https://registry.yarnpkg.com/@usehenri/sequelize/-/sequelize-0.18.0.tgz#ce9a52e90397ba5e9c6c96f069d84b9815073d9d"
  dependencies:
    sequelize "^4.24.0"

babel-runtime@^6.26.0:
  version "6.26.0"
  resolved "https://registry.yarnpkg.com/babel-runtime/-/babel-runtime-6.26.0.tgz#965c7058668e82b55d7bfe04ff2337bc8b5647fe"
  dependencies:
    core-js "^2.4.0"
    regenerator-runtime "^0.11.0"

big-number@0.3.1:
  version "0.3.1"
  resolved "https://registry.yarnpkg.com/big-number/-/big-number-0.3.1.tgz#ac73020c0a59bb79eb17c2ce2db77f77d974e013"

bl@^1.2.0:
  version "1.2.1"
  resolved "https://registry.yarnpkg.com/bl/-/bl-1.2.1.tgz#cac328f7bee45730d404b692203fcb590e172d5e"
  dependencies:
    readable-stream "^2.0.5"

bluebird@^3.4.6:
  version "3.5.1"
  resolved "https://registry.yarnpkg.com/bluebird/-/bluebird-3.5.1.tgz#d9551f9de98f1fcda1e683d17ee91a0602ee2eb9"

cls-bluebird@^2.0.1:
  version "2.0.1"
  resolved "https://registry.yarnpkg.com/cls-bluebird/-/cls-bluebird-2.0.1.tgz#c259a480ae02c0e506134307bb13db30446ee2e7"
  dependencies:
    is-bluebird "^1.0.2"
    shimmer "^1.1.0"

core-js@^2.4.0:
  version "2.5.1"
  resolved "https://registry.yarnpkg.com/core-js/-/core-js-2.5.1.tgz#ae6874dc66937789b80754ff5428df66819ca50b"

core-util-is@~1.0.0:
  version "1.0.2"
  resolved "https://registry.yarnpkg.com/core-util-is/-/core-util-is-1.0.2.tgz#b5fd54220aa2bc5ab57aab7140c940754503c1a7"

debug@^2.6.9:
  version "2.6.9"
  resolved "https://registry.yarnpkg.com/debug/-/debug-2.6.9.tgz#5d128515df134ff327e90a4c93f4e077a536341f"
  dependencies:
    ms "2.0.0"

debug@^3.0.0:
  version "3.1.0"
  resolved "https://registry.yarnpkg.com/debug/-/debug-3.1.0.tgz#5bb5a0672628b64149566ba16819e61518c67261"
  dependencies:
    ms "2.0.0"

depd@^1.1.0:
  version "1.1.1"
  resolved "https://registry.yarnpkg.com/depd/-/depd-1.1.1.tgz#5783b4e1c459f06fa5ca27f991f3d06e7a310359"

dottie@^2.0.0:
  version "2.0.0"
  resolved "https://registry.yarnpkg.com/dottie/-/dottie-2.0.0.tgz#da191981c8b8d713ca0115d5898cf397c2f0ddd0"

generic-pool@^3.1.8:
  version "3.2.0"
  resolved "https://registry.yarnpkg.com/generic-pool/-/generic-pool-3.2.0.tgz#c1d485ecbd6f18c0513d4741d098a6715eaeeca8"

iconv-lite@^0.4.11:
  version "0.4.19"
  resolved "https://registry.yarnpkg.com/iconv-lite/-/iconv-lite-0.4.19.tgz#f7468f60135f5e5dad3399c0a81be9a1603a082b"

inflection@1.12.0:
  version "1.12.0"
  resolved "https://registry.yarnpkg.com/inflection/-/inflection-1.12.0.tgz#a200935656d6f5f6bc4dc7502e1aecb703228416"

inherits@~2.0.3:
  version "2.0.3"
  resolved "https://registry.yarnpkg.com/inherits/-/inherits-2.0.3.tgz#633c2c83e3da42a502f52466022480f4208261de"

is-bluebird@^1.0.2:
  version "1.0.2"
  resolved "https://registry.yarnpkg.com/is-bluebird/-/is-bluebird-1.0.2.tgz#096439060f4aa411abee19143a84d6a55346d6e2"

isarray@~1.0.0:
  version "1.0.0"
  resolved "https://registry.yarnpkg.com/isarray/-/isarray-1.0.0.tgz#bb935d48582cba168c06834957a54a3e07124f11"

lodash@^4.17.1:
  version "4.17.4"
  resolved "https://registry.yarnpkg.com/lodash/-/lodash-4.17.4.tgz#78203a4d1c328ae1d86dca6460e369b57f4055ae"

moment-timezone@^0.5.4:
  version "0.5.14"
  resolved "https://registry.yarnpkg.com/moment-timezone/-/moment-timezone-0.5.14.tgz#4eb38ff9538b80108ba467a458f3ed4268ccfcb1"
  dependencies:
    moment ">= 2.9.0"

"moment@>= 2.9.0", moment@^2.13.0:
  version "2.19.3"
  resolved "https://registry.yarnpkg.com/moment/-/moment-2.19.3.tgz#bdb99d270d6d7fda78cc0fbace855e27fe7da69f"

ms@2.0.0:
  version "2.0.0"
  resolved "https://registry.yarnpkg.com/ms/-/ms-2.0.0.tgz#5608aeadfc00be6c2901df5f9861788de0d597c8"

process-nextick-args@~1.0.6:
  version "1.0.7"
  resolved "https://registry.yarnpkg.com/process-nextick-args/-/process-nextick-args-1.0.7.tgz#150e20b756590ad3f91093f25a4f2ad8bff30ba3"

readable-stream@^2.0.5, readable-stream@^2.2.6:
  version "2.3.3"
  resolved "https://registry.yarnpkg.com/readable-stream/-/readable-stream-2.3.3.tgz#368f2512d79f9d46fdfc71349ae7878bbc1eb95c"
  dependencies:
    core-util-is "~1.0.0"
    inherits "~2.0.3"
    isarray "~1.0.0"
    process-nextick-args "~1.0.6"
    safe-buffer "~5.1.1"
    string_decoder "~1.0.3"
    util-deprecate "~1.0.1"

regenerator-runtime@^0.11.0:
  version "0.11.0"
  resolved "https://registry.yarnpkg.com/regenerator-runtime/-/regenerator-runtime-0.11.0.tgz#7e54fe5b5ccd5d6624ea6255c3473be090b802e1"

retry-as-promised@^2.3.1:
  version "2.3.2"
  resolved "https://registry.yarnpkg.com/retry-as-promised/-/retry-as-promised-2.3.2.tgz#cd974ee4fd9b5fe03cbf31871ee48221c07737b7"
  dependencies:
    bluebird "^3.4.6"
    debug "^2.6.9"

safe-buffer@~5.1.0, safe-buffer@~5.1.1:
  version "5.1.1"
  resolved "https://registry.yarnpkg.com/safe-buffer/-/safe-buffer-5.1.1.tgz#893312af69b2123def71f57889001671eeb2c853"

semver@^5.0.1:
  version "5.4.1"
  resolved "https://registry.yarnpkg.com/semver/-/semver-5.4.1.tgz#e059c09d8571f0540823733433505d3a2f00b18e"

sequelize@^4.24.0:
  version "4.27.0"
  resolved "https://registry.yarnpkg.com/sequelize/-/sequelize-4.27.0.tgz#d416ec807604e15262c27b125b4fa87eacc6fbf1"
  dependencies:
    bluebird "^3.4.6"
    cls-bluebird "^2.0.1"
    debug "^3.0.0"
    depd "^1.1.0"
    dottie "^2.0.0"
    generic-pool "^3.1.8"
    inflection "1.12.0"
    lodash "^4.17.1"
    moment "^2.13.0"
    moment-timezone "^0.5.4"
    retry-as-promised "^2.3.1"
    semver "^5.0.1"
    terraformer-wkt-parser "^1.1.2"
    toposort-class "^1.0.1"
    uuid "^3.0.0"
    validator "^9.1.0"
    wkx "^0.4.1"

shimmer@^1.1.0:
  version "1.2.0"
  resolved "https://registry.yarnpkg.com/shimmer/-/shimmer-1.2.0.tgz#f966f7555789763e74d8841193685a5e78736665"

sprintf@0.1.5:
  version "0.1.5"
  resolved "https://registry.yarnpkg.com/sprintf/-/sprintf-0.1.5.tgz#8f83e39a9317c1a502cb7db8050e51c679f6edcf"

string_decoder@~1.0.3:
  version "1.0.3"
  resolved "https://registry.yarnpkg.com/string_decoder/-/string_decoder-1.0.3.tgz#0fc67d7c141825de94282dd536bec6b9bce860ab"
  dependencies:
    safe-buffer "~5.1.0"

tedious@^2.1.5:
  version "2.1.5"
  resolved "https://registry.yarnpkg.com/tedious/-/tedious-2.1.5.tgz#85574d22cde1769dfe4cc4a0d697175b13e5d318"
  dependencies:
    babel-runtime "^6.26.0"
    big-number "0.3.1"
    bl "^1.2.0"
    iconv-lite "^0.4.11"
    readable-stream "^2.2.6"
    sprintf "0.1.5"

terraformer-wkt-parser@^1.1.2:
  version "1.1.2"
  resolved "https://registry.yarnpkg.com/terraformer-wkt-parser/-/terraformer-wkt-parser-1.1.2.tgz#336a0c8fc82094a5aff83288f69aedecd369bf0c"
  dependencies:
    terraformer "~1.0.5"

terraformer@~1.0.5:
  version "1.0.8"
  resolved "https://registry.yarnpkg.com/terraformer/-/terraformer-1.0.8.tgz#51e0ad89746fcf2161dc6f65aa70e42377c8b593"
  dependencies:
    "@types/geojson" "^1.0.0"

toposort-class@^1.0.1:
  version "1.0.1"
  resolved "https://registry.yarnpkg.com/toposort-class/-/toposort-class-1.0.1.tgz#7ffd1f78c8be28c3ba45cd4e1a3f5ee193bd9988"

util-deprecate@~1.0.1:
  version "1.0.2"
  resolved "https://registry.yarnpkg.com/util-deprecate/-/util-deprecate-1.0.2.tgz#450d4dc9fa70de732762fbd2d4a28981419a0ccf"

uuid@^3.0.0:
  version "3.1.0"
  resolved "https://registry.yarnpkg.com/uuid/-/uuid-3.1.0.tgz#3dd3d3e790abc24d7b0d3a034ffababe28ebbc04"

validator@^9.1.0:
  version "9.1.2"
  resolved "https://registry.yarnpkg.com/validator/-/validator-9.1.2.tgz#5711b6413f78bd9d56003130c81b47c39e86546c"

wkx@^0.4.1:
  version "0.4.2"
  resolved "https://registry.yarnpkg.com/wkx/-/wkx-0.4.2.tgz#776d35a634a5c22e656e4744bdeb54f83fd2ce8d"
  dependencies:
    "@types/node" "*"
