# THIS IS AN AUTOGENERATED FILE. DO NOT EDIT THIS FILE DIRECTLY.
# yarn lockfile v1


"@types/config@^0.0.33":
  version "0.0.33"
  resolved "https://registry.yarnpkg.com/@types/config/-/config-0.0.33.tgz#2b256fe9744e9a3f913f551a9aa4660c41f28c4b"

"@types/node@^8.0.47":
  version "8.0.50"
  resolved "https://registry.yarnpkg.com/@types/node/-/node-8.0.50.tgz#dc545448e128c88c4eec7cd64025fcc3b7604541"

callsite@^1.0.0:
  version "1.0.0"
  resolved "https://registry.yarnpkg.com/callsite/-/callsite-1.0.0.tgz#280398e5d664bd74038b6f0905153e6e8af1bc20"

config@^1.27.0:
  version "1.28.0"
  resolved "https://registry.yarnpkg.com/config/-/config-1.28.0.tgz#666740053a81489905f26087c8656394c193507d"
  dependencies:
    json5 "0.4.0"
    os-homedir "1.0.2"

json5@0.4.0:
  version "0.4.0"
  resolved "https://registry.yarnpkg.com/json5/-/json5-0.4.0.tgz#054352e4c4c80c86c0923877d449de176a732c8d"

os-homedir@1.0.2:
  version "1.0.2"
  resolved "https://registry.yarnpkg.com/os-homedir/-/os-homedir-1.0.2.tgz#ffbc4988336e0e833de0c168c7ef152121aa7fb3"
