{
  "lockfileVersion": 1,
  "dependencies": {
    "@sailshq/lodash": {
      "version": "3.10.2",
      "resolved": "https://registry.npmjs.org/@sailshq/lodash/-/lodash-3.10.2.tgz",
      "integrity": "sha1-FWfUc0U2TCwuIHe8ETSHsd/mIVQ="
    },
    "@types/node": {
      "version": "7.0.31",
      "resolved": "https://registry.npmjs.org/@types/node/-/node-7.0.31.tgz",
      "integrity": "sha512-+KrE1LDddn97ip+gXZAnzNQ0pupKH/6tcKwTpo96BDVNpzmhIKGHug0Wd3H0dN4WEqYB1tXYI5m2mZuIZNI8tg=="
    },
    "async": {
      "version": "2.0.1",
      "resolved": "https://registry.npmjs.org/async/-/async-2.0.1.tgz",
      "integrity": "sha1-twnMAoCpw28J9FNr6CPIOKkEniU="
    },
    "bson": {
      "version": "1.0.4",
      "resolved": "https://registry.npmjs.org/bson/-/bson-1.0.4.tgz",
      "integrity": "sha1-k8ENOeqltYQVy8QFLz5T5WKwtyw="
    },
    "buffer-shims": {
      "version": "1.0.0",
      "resolved": "https://registry.npmjs.org/buffer-shims/-/buffer-shims-1.0.0.tgz",
      "integrity": "sha1-mXjOMXOIxkmth5MCjDR37wRKi1E="
    },
    "convert-to-ecmascript-compatible-varname": {
      "version": "0.1.4",
      "resolved": "https://registry.npmjs.org/convert-to-ecmascript-compatible-varname/-/convert-to-ecmascript-compatible-varname-0.1.4.tgz",
      "integrity": "sha1-Sf9G6WwdNWqR1Lg+X/4BM8PIrBQ="
    },
    "core-util-is": {
      "version": "1.0.2",
      "resolved": "https://registry.npmjs.org/core-util-is/-/core-util-is-1.0.2.tgz",
      "integrity": "sha1-tf1UIgqivFq1eqtxQMlAdUUDwac="
    },
    "debug": {
      "version": "2.2.0",
      "resolved": "https://registry.npmjs.org/debug/-/debug-2.2.0.tgz",
      "integrity": "sha1-+HBX6ZWxofauaklgZkE3vFbwOdo="
    },
    "es6-promise": {
      "version": "3.2.1",
      "resolved": "https://registry.npmjs.org/es6-promise/-/es6-promise-3.2.1.tgz",
      "integrity": "sha1-7FYjOGgDKQkgcXDDlEjiREndH8Q="
    },
    "flaverr": {
      "version": "1.1.1",
      "resolved": "https://registry.npmjs.org/flaverr/-/flaverr-1.1.1.tgz",
      "integrity": "sha1-x9XWD5HB/S8DOwZr7NovSHNsFv8="
    },
    "include-all": {
      "version": "1.0.8",
      "resolved": "https://registry.npmjs.org/include-all/-/include-all-1.0.8.tgz",
      "integrity": "sha1-6LuEsFcniiLPlEMZA32XAMGKQ3k=",
      "dependencies": {
        "lodash": {
          "version": "3.10.1",
          "resolved": "https://registry.npmjs.org/lodash/-/lodash-3.10.1.tgz",
          "integrity": "sha1-W/Rejkm6QYnhfUgnid/RW9FAt7Y="
        }
      }
    },
    "inherits": {
      "version": "2.0.3",
      "resolved": "https://registry.npmjs.org/inherits/-/inherits-2.0.3.tgz",
      "integrity": "sha1-Yzwsg+PaQqUC9SRmAiSA9CCCYd4="
    },
    "isarray": {
      "version": "1.0.0",
      "resolved": "https://registry.npmjs.org/isarray/-/isarray-1.0.0.tgz",
      "integrity": "sha1-u5NdSFgsuhaMBoNJV6VKPgcSTxE="
    },
    "lodash": {
      "version": "4.17.4",
      "resolved": "https://registry.npmjs.org/lodash/-/lodash-4.17.4.tgz",
      "integrity": "sha1-eCA6TRwyiuHYbcpkYONptX9AVa4="
    },
    "machine": {
      "version": "13.0.0-23",
      "resolved": "https://registry.npmjs.org/machine/-/machine-13.0.0-23.tgz",
      "integrity": "sha1-8ly8UlXBLJPkruhn2dm0QLxgt0c="
    },
    "mongodb": {
      "version": "2.2.25",
      "resolved": "https://registry.npmjs.org/mongodb/-/mongodb-2.2.25.tgz",
      "integrity": "sha1-07JdrQDtor38vJliELoIKsaGprY="
    },
    "mongodb-core": {
      "version": "2.1.9",
      "resolved": "https://registry.npmjs.org/mongodb-core/-/mongodb-core-2.1.9.tgz",
      "integrity": "sha1-hapx7k+3FhluBreHVXvxOfgB2vU="
    },
    "ms": {
      "version": "0.7.1",
      "resolved": "https://registry.npmjs.org/ms/-/ms-0.7.1.tgz",
      "integrity": "sha1-nNE8A62/8ltl7/3nzoZO6VIBcJg="
    },
    "process-nextick-args": {
      "version": "1.0.7",
      "resolved": "https://registry.npmjs.org/process-nextick-args/-/process-nextick-args-1.0.7.tgz",
      "integrity": "sha1-FQ4gt1ZZCtP5EJPyWk8q2L/zC6M="
    },
    "qs": {
      "version": "6.4.0",
      "resolved": "https://registry.npmjs.org/qs/-/qs-6.4.0.tgz",
      "integrity": "sha1-E+JtKK1rD/qpExLNO/cI7TUecjM="
    },
    "readable-stream": {
      "version": "2.1.5",
      "resolved": "https://registry.npmjs.org/readable-stream/-/readable-stream-2.1.5.tgz",
      "integrity": "sha1-ZvqLcg4UOLNkaB8q0aY8YYRIydA="
    },
    "require_optional": {
      "version": "1.0.0",
      "resolved": "https://registry.npmjs.org/require_optional/-/require_optional-1.0.0.tgz",
      "integrity": "sha1-UqhhN6hJco62ClVTNhf4+RT1mr8="
    },
    "resolve-from": {
      "version": "2.0.0",
      "resolved": "https://registry.npmjs.org/resolve-from/-/resolve-from-2.0.0.tgz",
      "integrity": "sha1-lICrIOlP+h2egKgEx+oUdhGWa1c="
    },
    "rttc": {
      "version": "9.8.2",
      "resolved": "https://registry.npmjs.org/rttc/-/rttc-9.8.2.tgz",
      "integrity": "sha1-IzfSHUE/SjT/+IF3+V6uft+9Jr8=",
      "dependencies": {
        "lodash": {
          "version": "3.10.1",
          "resolved": "https://registry.npmjs.org/lodash/-/lodash-3.10.1.tgz",
          "integrity": "sha1-W/Rejkm6QYnhfUgnid/RW9FAt7Y="
        }
      }
    },
    "sails-mongo": {
      "version": "1.0.0-9",
      "resolved": "https://registry.npmjs.org/sails-mongo/-/sails-mongo-1.0.0-9.tgz",
      "integrity": "sha1-giMqMl3HYmwVopI77o3AKQXDsxQ="
    },
    "semver": {
      "version": "5.3.0",
      "resolved": "https://registry.npmjs.org/semver/-/semver-5.3.0.tgz",
      "integrity": "sha1-myzl094C0XxgEq0yaqa00M9U+U8="
    },
    "string_decoder": {
      "version": "0.10.31",
      "resolved": "https://registry.npmjs.org/string_decoder/-/string_decoder-0.10.31.tgz",
      "integrity": "sha1-YuIDvEF2bGwoyfyEMB2rHFMQ+pQ="
    },
    "switchback": {
      "version": "2.0.2",
      "resolved": "https://registry.npmjs.org/switchback/-/switchback-2.0.2.tgz",
      "integrity": "sha1-ls8ODTY7VZ0Lt/8htip6qRDsYHk=",
      "dependencies": {
        "lodash": {
          "version": "3.10.1",
          "resolved": "https://registry.npmjs.org/lodash/-/lodash-3.10.1.tgz",
          "integrity": "sha1-W/Rejkm6QYnhfUgnid/RW9FAt7Y="
        }
      }
    },
    "util-deprecate": {
      "version": "1.0.2",
      "resolved": "https://registry.npmjs.org/util-deprecate/-/util-deprecate-1.0.2.tgz",
      "integrity": "sha1-RQ1Nyfpw3nMnYvvS1KKJgUGaDM8="
    }
  }
}
