# THIS IS AN AUTOGENERATED FILE. DO NOT EDIT THIS FILE DIRECTLY.
# yarn lockfile v1


"@sailshq/lodash@^3.10.2":
  version "3.10.2"
  resolved "https://registry.yarnpkg.com/@sailshq/lodash/-/lodash-3.10.2.tgz#1567d47345364c2c2e2077bc113487b1dfe62154"

"@types/node@^8.0.10":
  version "8.0.34"
  resolved "https://registry.yarnpkg.com/@types/node/-/node-8.0.34.tgz#55f801fa2ddb2a40dd6dfc15ecfe1dde9c129fe9"

async@2.0.1:
  version "2.0.1"
  resolved "https://registry.yarnpkg.com/async/-/async-2.0.1.tgz#b709cc0280a9c36f09f4536be823c838a9049e25"
  dependencies:
    lodash "^4.8.0"

bson@~1.0.4:
  version "1.0.4"
  resolved "https://registry.yarnpkg.com/bson/-/bson-1.0.4.tgz#93c10d39eaa5b58415cbc4052f3e53e562b0b72c"

buffer-shims@^1.0.0:
  version "1.0.0"
  resolved "https://registry.yarnpkg.com/buffer-shims/-/buffer-shims-1.0.0.tgz#9978ce317388c649ad8793028c3477ef044a8b51"

convert-to-ecmascript-compatible-varname@0.1.4:
  version "0.1.4"
  resolved "https://registry.yarnpkg.com/convert-to-ecmascript-compatible-varname/-/convert-to-ecmascript-compatible-varname-0.1.4.tgz#49ff46e96c1d356a91d4b83e5ffe0133c3c8ac14"

core-util-is@~1.0.0:
  version "1.0.2"
  resolved "https://registry.yarnpkg.com/core-util-is/-/core-util-is-1.0.2.tgz#b5fd54220aa2bc5ab57aab7140c940754503c1a7"

debug@2.2.0:
  version "2.2.0"
  resolved "https://registry.yarnpkg.com/debug/-/debug-2.2.0.tgz#f87057e995b1a1f6ae6a4960664137bc56f039da"
  dependencies:
    ms "0.7.1"

es6-promise@3.2.1:
  version "3.2.1"
  resolved "https://registry.yarnpkg.com/es6-promise/-/es6-promise-3.2.1.tgz#ec56233868032909207170c39448e24449dd1fc4"

flaverr@1.1.1:
  version "1.1.1"
  resolved "https://registry.yarnpkg.com/flaverr/-/flaverr-1.1.1.tgz#c7d5d60f91c1fd2f033b066becda2f48736c16ff"
  dependencies:
    "@sailshq/lodash" "^3.10.2"

include-all@^1.0.5:
  version "1.0.8"
  resolved "https://registry.yarnpkg.com/include-all/-/include-all-1.0.8.tgz#e8bb84b057278a22cf944319037d9700c18a4379"
  dependencies:
    lodash "3.10.1"

inherits@~2.0.1:
  version "2.0.3"
  resolved "https://registry.yarnpkg.com/inherits/-/inherits-2.0.3.tgz#633c2c83e3da42a502f52466022480f4208261de"

isarray@~1.0.0:
  version "1.0.0"
  resolved "https://registry.yarnpkg.com/isarray/-/isarray-1.0.0.tgz#bb935d48582cba168c06834957a54a3e07124f11"

lodash@3.10.1:
  version "3.10.1"
  resolved "https://registry.yarnpkg.com/lodash/-/lodash-3.10.1.tgz#5bf45e8e49ba4189e17d482789dfd15bd140b7b6"

lodash@^4.8.0:
  version "4.17.4"
  resolved "https://registry.yarnpkg.com/lodash/-/lodash-4.17.4.tgz#78203a4d1c328ae1d86dca6460e369b57f4055ae"

machine@^13.0.0-17:
  version "13.0.0-23"
  resolved "https://registry.yarnpkg.com/machine/-/machine-13.0.0-23.tgz#f25cbc5255c12c93e4aee867d9d9b440bc60b747"
  dependencies:
    "@sailshq/lodash" "^3.10.2"
    convert-to-ecmascript-compatible-varname "0.1.4"
    debug "2.2.0"
    include-all "^1.0.5"
    rttc "^9.8.1"
    switchback "^2.0.1"

mongodb-core@2.1.9:
  version "2.1.9"
  resolved "https://registry.yarnpkg.com/mongodb-core/-/mongodb-core-2.1.9.tgz#85aa71ee4fb716196e06b787557bf139f801daf5"
  dependencies:
    bson "~1.0.4"
    require_optional "~1.0.0"

mongodb@2.2.25:
  version "2.2.25"
  resolved "https://registry.yarnpkg.com/mongodb/-/mongodb-2.2.25.tgz#d3b25dad00eda2bdfcbc996210ba082ac686a6b6"
  dependencies:
    es6-promise "3.2.1"
    mongodb-core "2.1.9"
    readable-stream "2.1.5"

ms@0.7.1:
  version "0.7.1"
  resolved "https://registry.yarnpkg.com/ms/-/ms-0.7.1.tgz#9cd13c03adbff25b65effde7ce864ee952017098"

process-nextick-args@~1.0.6:
  version "1.0.7"
  resolved "https://registry.yarnpkg.com/process-nextick-args/-/process-nextick-args-1.0.7.tgz#150e20b756590ad3f91093f25a4f2ad8bff30ba3"

qs@6.4.0:
  version "6.4.0"
  resolved "https://registry.yarnpkg.com/qs/-/qs-6.4.0.tgz#13e26d28ad6b0ffaa91312cd3bf708ed351e7233"

readable-stream@2.1.5:
  version "2.1.5"
  resolved "https://registry.yarnpkg.com/readable-stream/-/readable-stream-2.1.5.tgz#66fa8b720e1438b364681f2ad1a63c618448c9d0"
  dependencies:
    buffer-shims "^1.0.0"
    core-util-is "~1.0.0"
    inherits "~2.0.1"
    isarray "~1.0.0"
    process-nextick-args "~1.0.6"
    string_decoder "~0.10.x"
    util-deprecate "~1.0.1"

require_optional@~1.0.0:
  version "1.0.1"
  resolved "https://registry.yarnpkg.com/require_optional/-/require_optional-1.0.1.tgz#4cf35a4247f64ca3df8c2ef208cc494b1ca8fc2e"
  dependencies:
    resolve-from "^2.0.0"
    semver "^5.1.0"

resolve-from@^2.0.0:
  version "2.0.0"
  resolved "https://registry.yarnpkg.com/resolve-from/-/resolve-from-2.0.0.tgz#9480ab20e94ffa1d9e80a804c7ea147611966b57"

rttc@^9.8.1:
  version "9.8.2"
  resolved "https://registry.yarnpkg.com/rttc/-/rttc-9.8.2.tgz#2337d21d413f4a34fff88177f95eae7edfbd26bf"
  dependencies:
    lodash "3.10.1"

sails-mongo@1.0.0-9:
  version "1.0.0-9"
  resolved "https://registry.yarnpkg.com/sails-mongo/-/sails-mongo-1.0.0-9.tgz#82232a325dc7626c15a2923bee8dc02905c3b314"
  dependencies:
    "@sailshq/lodash" "^3.10.2"
    async "2.0.1"
    flaverr "1.1.1"
    machine "^13.0.0-17"
    mongodb "2.2.25"
    qs "6.4.0"

semver@^5.1.0:
  version "5.4.1"
  resolved "https://registry.yarnpkg.com/semver/-/semver-5.4.1.tgz#e059c09d8571f0540823733433505d3a2f00b18e"

string_decoder@~0.10.x:
  version "0.10.31"
  resolved "https://registry.yarnpkg.com/string_decoder/-/string_decoder-0.10.31.tgz#62e203bc41766c6c28c9fc84301dab1c5310fa94"

switchback@^2.0.1:
  version "2.0.2"
  resolved "https://registry.yarnpkg.com/switchback/-/switchback-2.0.2.tgz#96cf0e0d363b559d0bb7ff21b62a7aa910ec6079"
  dependencies:
    lodash "3.10.1"

util-deprecate@~1.0.1:
  version "1.0.2"
  resolved "https://registry.yarnpkg.com/util-deprecate/-/util-deprecate-1.0.2.tgz#450d4dc9fa70de732762fbd2d4a28981419a0ccf"
