{
  "lockfileVersion": 1,
  "dependencies": {
    "@sailshq/lodash": {
      "version": "3.10.2",
      "resolved": "https://registry.npmjs.org/@sailshq/lodash/-/lodash-3.10.2.tgz",
      "integrity": "sha1-FWfUc0U2TCwuIHe8ETSHsd/mIVQ="
    },
    "@types/node": {
      "version": "7.0.23",
      "resolved": "https://registry.npmjs.org/@types/node/-/node-7.0.23.tgz",
      "integrity": "sha512-F+qaJi0iw9Yk7Ugml+HtTi2r399gPEFfKh2lwr86/a/5LVHODiAllBlNCNrgo5sT9WRHl74ryEbXVeNUN3ToCQ=="
    },
    "include-all": {
      "version": "4.0.3",
      "resolved": "https://registry.npmjs.org/include-all/-/include-all-4.0.3.tgz",
      "integrity": "sha1-ZfBujxGJSxp7XsH8l+azOS98+nU="
    },
    "merge-dictionaries": {
      "version": "0.0.3",
      "resolved": "https://registry.npmjs.org/merge-dictionaries/-/merge-dictionaries-0.0.3.tgz",
      "integrity": "sha1-xN5NWNuyXkwoI6owy44VOQaet1c="
    }
  }
}
