# THIS IS AN AUTOGENERATED FILE. DO NOT EDIT THIS FILE DIRECTLY.
# yarn lockfile v1


"@sailshq/lodash@^3.10.2":
  version "3.10.2"
  resolved "https://registry.yarnpkg.com/@sailshq/lodash/-/lodash-3.10.2.tgz#1567d47345364c2c2e2077bc113487b1dfe62154"

"@types/jest@^20.0.2":
  version "20.0.2"
  resolved "https://registry.yarnpkg.com/@types/jest/-/jest-20.0.2.tgz#86c751121fb53dbd39bb1a08c45083da13f2dc67"

"@types/node@^8.0.7":
  version "8.0.7"
  resolved "https://registry.yarnpkg.com/@types/node/-/node-8.0.7.tgz#fb0ad04b5b6f6eabe0372a32a8f1fbba5c130cae"

include-all@^4.0.3:
  version "4.0.3"
  resolved "https://registry.yarnpkg.com/include-all/-/include-all-4.0.3.tgz#65f06e8f11894b1a7b5ec1fc97e6b3392f7cfa75"
  dependencies:
    "@sailshq/lodash" "^3.10.2"
    merge-dictionaries "^0.0.3"

merge-dictionaries@^0.0.3:
  version "0.0.3"
  resolved "https://registry.yarnpkg.com/merge-dictionaries/-/merge-dictionaries-0.0.3.tgz#c4de4d58dbb25e4c2823aa30cb8e1539069eb757"
  dependencies:
    "@sailshq/lodash" "^3.10.2"
